// !$*UTF8*$!
{
	archiveVersion = 1;
	classes = {
	};
	objectVersion = 46;
	objects = {

/* Begin PBXBuildFile section */
		68009497197734230077F01B /* AppDelegate.swift in Sources */ = {isa = PBXBuildFile; fileRef = 68009496197734230077F01B /* AppDelegate.swift */; };
		68009499197734230077F01B /* Images.xcassets in Resources */ = {isa = PBXBuildFile; fileRef = 68009498197734230077F01B /* Images.xcassets */; };
		680E0B95198F5B0E00C77EAC /* NetworkingManager.swift in Sources */ = {isa = PBXBuildFile; fileRef = 680E0B94198F5B0E00C77EAC /* NetworkingManager.swift */; };
		68691CBA19774D5B00C66C4E /* MainViewController.swift in Sources */ = {isa = PBXBuildFile; fileRef = 68691CB919774D5B00C66C4E /* MainViewController.swift */; };
		68DA7AF2197CF3B200B319AE /* GPUImage.framework in Frameworks */ = {isa = PBXBuildFile; fileRef = 68DA7AEF197CF37F00B319AE /* GPUImage.framework */; };
		68DA7AF4197CF9A900B319AE /* GPUImage.framework in CopyFiles */ = {isa = PBXBuildFile; fileRef = 68DA7AEF197CF37F00B319AE /* GPUImage.framework */; settings = {ATTRIBUTES = (CodeSignOnCopy, ); }; };
		68E8CD20198DA92600E275BD /* DetailViewController.swift in Sources */ = {isa = PBXBuildFile; fileRef = 68E8CD1F198DA92500E275BD /* DetailViewController.swift */; };
		68E8CD49198EA4E200E275BD /* AFHTTPRequestOperation.m in Sources */ = {isa = PBXBuildFile; fileRef = 68E8CD25198EA4E200E275BD /* AFHTTPRequestOperation.m */; };
		68E8CD4A198EA4E200E275BD /* AFHTTPRequestOperationManager.m in Sources */ = {isa = PBXBuildFile; fileRef = 68E8CD27198EA4E200E275BD /* AFHTTPRequestOperationManager.m */; };
		68E8CD4B198EA4E200E275BD /* AFHTTPSessionManager.m in Sources */ = {isa = PBXBuildFile; fileRef = 68E8CD29198EA4E200E275BD /* AFHTTPSessionManager.m */; };
		68E8CD4C198EA4E200E275BD /* AFNetworkReachabilityManager.m in Sources */ = {isa = PBXBuildFile; fileRef = 68E8CD2C198EA4E200E275BD /* AFNetworkReachabilityManager.m */; };
		68E8CD4D198EA4E200E275BD /* AFSecurityPolicy.m in Sources */ = {isa = PBXBuildFile; fileRef = 68E8CD2E198EA4E200E275BD /* AFSecurityPolicy.m */; };
		68E8CD4E198EA4E200E275BD /* AFURLConnectionOperation.m in Sources */ = {isa = PBXBuildFile; fileRef = 68E8CD30198EA4E200E275BD /* AFURLConnectionOperation.m */; };
		68E8CD4F198EA4E200E275BD /* AFURLRequestSerialization.m in Sources */ = {isa = PBXBuildFile; fileRef = 68E8CD32198EA4E200E275BD /* AFURLRequestSerialization.m */; };
		68E8CD50198EA4E200E275BD /* AFURLResponseSerialization.m in Sources */ = {isa = PBXBuildFile; fileRef = 68E8CD34198EA4E200E275BD /* AFURLResponseSerialization.m */; };
		68E8CD51198EA4E200E275BD /* AFURLSessionManager.m in Sources */ = {isa = PBXBuildFile; fileRef = 68E8CD36198EA4E200E275BD /* AFURLSessionManager.m */; };
		68E8CD52198EA4E200E275BD /* AFNetworkActivityIndicatorManager.m in Sources */ = {isa = PBXBuildFile; fileRef = 68E8CD39198EA4E200E275BD /* AFNetworkActivityIndicatorManager.m */; };
		68E8CD53198EA4E200E275BD /* UIActivityIndicatorView+AFNetworking.m in Sources */ = {isa = PBXBuildFile; fileRef = 68E8CD3B198EA4E200E275BD /* UIActivityIndicatorView+AFNetworking.m */; };
		68E8CD54198EA4E200E275BD /* UIAlertView+AFNetworking.m in Sources */ = {isa = PBXBuildFile; fileRef = 68E8CD3D198EA4E200E275BD /* UIAlertView+AFNetworking.m */; };
		68E8CD55198EA4E200E275BD /* UIButton+AFNetworking.m in Sources */ = {isa = PBXBuildFile; fileRef = 68E8CD3F198EA4E200E275BD /* UIButton+AFNetworking.m */; };
		68E8CD56198EA4E200E275BD /* UIImageView+AFNetworking.m in Sources */ = {isa = PBXBuildFile; fileRef = 68E8CD41198EA4E200E275BD /* UIImageView+AFNetworking.m */; };
		68E8CD57198EA4E200E275BD /* UIProgressView+AFNetworking.m in Sources */ = {isa = PBXBuildFile; fileRef = 68E8CD44198EA4E200E275BD /* UIProgressView+AFNetworking.m */; };
		68E8CD58198EA4E200E275BD /* UIRefreshControl+AFNetworking.m in Sources */ = {isa = PBXBuildFile; fileRef = 68E8CD46198EA4E200E275BD /* UIRefreshControl+AFNetworking.m */; };
		68E8CD59198EA4E200E275BD /* UIWebView+AFNetworking.m in Sources */ = {isa = PBXBuildFile; fileRef = 68E8CD48198EA4E200E275BD /* UIWebView+AFNetworking.m */; };
/* End PBXBuildFile section */

/* Begin PBXContainerItemProxy section */
		68DA7AEC197CF37F00B319AE /* PBXContainerItemProxy */ = {
			isa = PBXContainerItemProxy;
			containerPortal = 68DA7ADD197CF36300B319AE /* GPUImage.xcodeproj */;
			proxyType = 2;
			remoteGlobalIDString = BCF1A33414DDB1EC00852800;
			remoteInfo = GPUImage;
		};
		68DA7AEE197CF37F00B319AE /* PBXContainerItemProxy */ = {
			isa = PBXContainerItemProxy;
			containerPortal = 68DA7ADD197CF36300B319AE /* GPUImage.xcodeproj */;
			proxyType = 2;
			remoteGlobalIDString = BCE209E51943F20C002FEED8;
			remoteInfo = GPUImageFramework;
		};
		68DA7AF0197CF3AA00B319AE /* PBXContainerItemProxy */ = {
			isa = PBXContainerItemProxy;
			containerPortal = 68DA7ADD197CF36300B319AE /* GPUImage.xcodeproj */;
			proxyType = 1;
			remoteGlobalIDString = BCE209E41943F20C002FEED8;
			remoteInfo = GPUImageFramework;
		};
/* End PBXContainerItemProxy section */

/* Begin PBXCopyFilesBuildPhase section */
		68DA7AF3197CF99400B319AE /* CopyFiles */ = {
			isa = PBXCopyFilesBuildPhase;
			buildActionMask = 2147483647;
			dstPath = "";
			dstSubfolderSpec = 10;
			files = (
				68DA7AF4197CF9A900B319AE /* GPUImage.framework in CopyFiles */,
			);
			runOnlyForDeploymentPostprocessing = 0;
		};
/* End PBXCopyFilesBuildPhase section */

/* Begin PBXFileReference section */
		68009491197734230077F01B /* Cartier.app */ = {isa = PBXFileReference; explicitFileType = wrapper.application; includeInIndex = 0; path = Cartier.app; sourceTree = BUILT_PRODUCTS_DIR; };
		68009495197734230077F01B /* Info.plist */ = {isa = PBXFileReference; lastKnownFileType = text.plist.xml; path = Info.plist; sourceTree = "<group>"; };
		68009496197734230077F01B /* AppDelegate.swift */ = {isa = PBXFileReference; lastKnownFileType = sourcecode.swift; path = AppDelegate.swift; sourceTree = "<group>"; };
		68009498197734230077F01B /* Images.xcassets */ = {isa = PBXFileReference; lastKnownFileType = folder.assetcatalog; path = Images.xcassets; sourceTree = "<group>"; };
		680E0B94198F5B0E00C77EAC /* NetworkingManager.swift */ = {isa = PBXFileReference; fileEncoding = 4; lastKnownFileType = sourcecode.swift; path = NetworkingManager.swift; sourceTree = "<group>"; };
		68691CB919774D5B00C66C4E /* MainViewController.swift */ = {isa = PBXFileReference; fileEncoding = 4; lastKnownFileType = sourcecode.swift; path = MainViewController.swift; sourceTree = "<group>"; };
		68DA7ADD197CF36300B319AE /* GPUImage.xcodeproj */ = {isa = PBXFileReference; lastKnownFileType = "wrapper.pb-project"; name = GPUImage.xcodeproj; path = "../GPUImage-master/framework/GPUImage.xcodeproj"; sourceTree = "<group>"; };
		68E8CD1F198DA92500E275BD /* DetailViewController.swift */ = {isa = PBXFileReference; fileEncoding = 4; lastKnownFileType = sourcecode.swift; path = DetailViewController.swift; sourceTree = "<group>"; };
		68E8CD24198EA4E200E275BD /* AFHTTPRequestOperation.h */ = {isa = PBXFileReference; fileEncoding = 4; lastKnownFileType = sourcecode.c.h; path = AFHTTPRequestOperation.h; sourceTree = "<group>"; };
		68E8CD25198EA4E200E275BD /* AFHTTPRequestOperation.m */ = {isa = PBXFileReference; fileEncoding = 4; lastKnownFileType = sourcecode.c.objc; path = AFHTTPRequestOperation.m; sourceTree = "<group>"; };
		68E8CD26198EA4E200E275BD /* AFHTTPRequestOperationManager.h */ = {isa = PBXFileReference; fileEncoding = 4; lastKnownFileType = sourcecode.c.h; path = AFHTTPRequestOperationManager.h; sourceTree = "<group>"; };
		68E8CD27198EA4E200E275BD /* AFHTTPRequestOperationManager.m */ = {isa = PBXFileReference; fileEncoding = 4; lastKnownFileType = sourcecode.c.objc; path = AFHTTPRequestOperationManager.m; sourceTree = "<group>"; };
		68E8CD28198EA4E200E275BD /* AFHTTPSessionManager.h */ = {isa = PBXFileReference; fileEncoding = 4; lastKnownFileType = sourcecode.c.h; path = AFHTTPSessionManager.h; sourceTree = "<group>"; };
		68E8CD29198EA4E200E275BD /* AFHTTPSessionManager.m */ = {isa = PBXFileReference; fileEncoding = 4; lastKnownFileType = sourcecode.c.objc; path = AFHTTPSessionManager.m; sourceTree = "<group>"; };
		68E8CD2A198EA4E200E275BD /* AFNetworking.h */ = {isa = PBXFileReference; fileEncoding = 4; lastKnownFileType = sourcecode.c.h; path = AFNetworking.h; sourceTree = "<group>"; };
		68E8CD2B198EA4E200E275BD /* AFNetworkReachabilityManager.h */ = {isa = PBXFileReference; fileEncoding = 4; lastKnownFileType = sourcecode.c.h; path = AFNetworkReachabilityManager.h; sourceTree = "<group>"; };
		68E8CD2C198EA4E200E275BD /* AFNetworkReachabilityManager.m */ = {isa = PBXFileReference; fileEncoding = 4; lastKnownFileType = sourcecode.c.objc; path = AFNetworkReachabilityManager.m; sourceTree = "<group>"; };
		68E8CD2D198EA4E200E275BD /* AFSecurityPolicy.h */ = {isa = PBXFileReference; fileEncoding = 4; lastKnownFileType = sourcecode.c.h; path = AFSecurityPolicy.h; sourceTree = "<group>"; };
		68E8CD2E198EA4E200E275BD /* AFSecurityPolicy.m */ = {isa = PBXFileReference; fileEncoding = 4; lastKnownFileType = sourcecode.c.objc; path = AFSecurityPolicy.m; sourceTree = "<group>"; };
		68E8CD2F198EA4E200E275BD /* AFURLConnectionOperation.h */ = {isa = PBXFileReference; fileEncoding = 4; lastKnownFileType = sourcecode.c.h; path = AFURLConnectionOperation.h; sourceTree = "<group>"; };
		68E8CD30198EA4E200E275BD /* AFURLConnectionOperation.m */ = {isa = PBXFileReference; fileEncoding = 4; lastKnownFileType = sourcecode.c.objc; path = AFURLConnectionOperation.m; sourceTree = "<group>"; };
		68E8CD31198EA4E200E275BD /* AFURLRequestSerialization.h */ = {isa = PBXFileReference; fileEncoding = 4; lastKnownFileType = sourcecode.c.h; path = AFURLRequestSerialization.h; sourceTree = "<group>"; };
		68E8CD32198EA4E200E275BD /* AFURLRequestSerialization.m */ = {isa = PBXFileReference; fileEncoding = 4; lastKnownFileType = sourcecode.c.objc; path = AFURLRequestSerialization.m; sourceTree = "<group>"; };
		68E8CD33198EA4E200E275BD /* AFURLResponseSerialization.h */ = {isa = PBXFileReference; fileEncoding = 4; lastKnownFileType = sourcecode.c.h; path = AFURLResponseSerialization.h; sourceTree = "<group>"; };
		68E8CD34198EA4E200E275BD /* AFURLResponseSerialization.m */ = {isa = PBXFileReference; fileEncoding = 4; lastKnownFileType = sourcecode.c.objc; path = AFURLResponseSerialization.m; sourceTree = "<group>"; };
		68E8CD35198EA4E200E275BD /* AFURLSessionManager.h */ = {isa = PBXFileReference; fileEncoding = 4; lastKnownFileType = sourcecode.c.h; path = AFURLSessionManager.h; sourceTree = "<group>"; };
		68E8CD36198EA4E200E275BD /* AFURLSessionManager.m */ = {isa = PBXFileReference; fileEncoding = 4; lastKnownFileType = sourcecode.c.objc; path = AFURLSessionManager.m; sourceTree = "<group>"; };
		68E8CD38198EA4E200E275BD /* AFNetworkActivityIndicatorManager.h */ = {isa = PBXFileReference; fileEncoding = 4; lastKnownFileType = sourcecode.c.h; path = AFNetworkActivityIndicatorManager.h; sourceTree = "<group>"; };
		68E8CD39198EA4E200E275BD /* AFNetworkActivityIndicatorManager.m */ = {isa = PBXFileReference; fileEncoding = 4; lastKnownFileType = sourcecode.c.objc; path = AFNetworkActivityIndicatorManager.m; sourceTree = "<group>"; };
		68E8CD3A198EA4E200E275BD /* UIActivityIndicatorView+AFNetworking.h */ = {isa = PBXFileReference; fileEncoding = 4; lastKnownFileType = sourcecode.c.h; path = "UIActivityIndicatorView+AFNetworking.h"; sourceTree = "<group>"; };
		68E8CD3B198EA4E200E275BD /* UIActivityIndicatorView+AFNetworking.m */ = {isa = PBXFileReference; fileEncoding = 4; lastKnownFileType = sourcecode.c.objc; path = "UIActivityIndicatorView+AFNetworking.m"; sourceTree = "<group>"; };
		68E8CD3C198EA4E200E275BD /* UIAlertView+AFNetworking.h */ = {isa = PBXFileReference; fileEncoding = 4; lastKnownFileType = sourcecode.c.h; path = "UIAlertView+AFNetworking.h"; sourceTree = "<group>"; };
		68E8CD3D198EA4E200E275BD /* UIAlertView+AFNetworking.m */ = {isa = PBXFileReference; fileEncoding = 4; lastKnownFileType = sourcecode.c.objc; path = "UIAlertView+AFNetworking.m"; sourceTree = "<group>"; };
		68E8CD3E198EA4E200E275BD /* UIButton+AFNetworking.h */ = {isa = PBXFileReference; fileEncoding = 4; lastKnownFileType = sourcecode.c.h; path = "UIButton+AFNetworking.h"; sourceTree = "<group>"; };
		68E8CD3F198EA4E200E275BD /* UIButton+AFNetworking.m */ = {isa = PBXFileReference; fileEncoding = 4; lastKnownFileType = sourcecode.c.objc; path = "UIButton+AFNetworking.m"; sourceTree = "<group>"; };
		68E8CD40198EA4E200E275BD /* UIImageView+AFNetworking.h */ = {isa = PBXFileReference; fileEncoding = 4; lastKnownFileType = sourcecode.c.h; path = "UIImageView+AFNetworking.h"; sourceTree = "<group>"; };
		68E8CD41198EA4E200E275BD /* UIImageView+AFNetworking.m */ = {isa = PBXFileReference; fileEncoding = 4; lastKnownFileType = sourcecode.c.objc; path = "UIImageView+AFNetworking.m"; sourceTree = "<group>"; };
		68E8CD42198EA4E200E275BD /* UIKit+AFNetworking.h */ = {isa = PBXFileReference; fileEncoding = 4; lastKnownFileType = sourcecode.c.h; path = "UIKit+AFNetworking.h"; sourceTree = "<group>"; };
		68E8CD43198EA4E200E275BD /* UIProgressView+AFNetworking.h */ = {isa = PBXFileReference; fileEncoding = 4; lastKnownFileType = sourcecode.c.h; path = "UIProgressView+AFNetworking.h"; sourceTree = "<group>"; };
		68E8CD44198EA4E200E275BD /* UIProgressView+AFNetworking.m */ = {isa = PBXFileReference; fileEncoding = 4; lastKnownFileType = sourcecode.c.objc; path = "UIProgressView+AFNetworking.m"; sourceTree = "<group>"; };
		68E8CD45198EA4E200E275BD /* UIRefreshControl+AFNetworking.h */ = {isa = PBXFileReference; fileEncoding = 4; lastKnownFileType = sourcecode.c.h; path = "UIRefreshControl+AFNetworking.h"; sourceTree = "<group>"; };
		68E8CD46198EA4E200E275BD /* UIRefreshControl+AFNetworking.m */ = {isa = PBXFileReference; fileEncoding = 4; lastKnownFileType = sourcecode.c.objc; path = "UIRefreshControl+AFNetworking.m"; sourceTree = "<group>"; };
		68E8CD47198EA4E200E275BD /* UIWebView+AFNetworking.h */ = {isa = PBXFileReference; fileEncoding = 4; lastKnownFileType = sourcecode.c.h; path = "UIWebView+AFNetworking.h"; sourceTree = "<group>"; };
		68E8CD48198EA4E200E275BD /* UIWebView+AFNetworking.m */ = {isa = PBXFileReference; fileEncoding = 4; lastKnownFileType = sourcecode.c.objc; path = "UIWebView+AFNetworking.m"; sourceTree = "<group>"; };
		68E8CD5A198EA5A200E275BD /* Cartier-Bridging-Header.h */ = {isa = PBXFileReference; lastKnownFileType = sourcecode.c.h; path = "Cartier-Bridging-Header.h"; sourceTree = "<group>"; };
/* End PBXFileReference section */

/* Begin PBXFrameworksBuildPhase section */
		6800948E197734230077F01B /* Frameworks */ = {
			isa = PBXFrameworksBuildPhase;
			buildActionMask = 2147483647;
			files = (
				68DA7AF2197CF3B200B319AE /* GPUImage.framework in Frameworks */,
			);
			runOnlyForDeploymentPostprocessing = 0;
		};
/* End PBXFrameworksBuildPhase section */

/* Begin PBXGroup section */
		68009488197734230077F01B = {
			isa = PBXGroup;
			children = (
				68009493197734230077F01B /* Cartier */,
				68009492197734230077F01B /* Products */,
				68DA7ADD197CF36300B319AE /* GPUImage.xcodeproj */,
			);
			sourceTree = "<group>";
		};
		68009492197734230077F01B /* Products */ = {
			isa = PBXGroup;
			children = (
				68009491197734230077F01B /* Cartier.app */,
			);
			name = Products;
			sourceTree = "<group>";
		};
		68009493197734230077F01B /* Cartier */ = {
			isa = PBXGroup;
			children = (
				68E8CD23198EA4E200E275BD /* AFNetworking */,
				68E8CD37198EA4E200E275BD /* UIKit+AFNetworking */,
				68009496197734230077F01B /* AppDelegate.swift */,
				68009498197734230077F01B /* Images.xcassets */,
				68009494197734230077F01B /* Supporting Files */,
				68691CB919774D5B00C66C4E /* MainViewController.swift */,
				68E8CD1F198DA92500E275BD /* DetailViewController.swift */,
				680E0B94198F5B0E00C77EAC /* NetworkingManager.swift */,
				68E8CD5A198EA5A200E275BD /* Cartier-Bridging-Header.h */,
			);
			path = Cartier;
			sourceTree = "<group>";
		};
		68009494197734230077F01B /* Supporting Files */ = {
			isa = PBXGroup;
			children = (
				68009495197734230077F01B /* Info.plist */,
			);
			name = "Supporting Files";
			sourceTree = "<group>";
		};
		68DA7AE7197CF37F00B319AE /* Products */ = {
			isa = PBXGroup;
			children = (
				68DA7AED197CF37F00B319AE /* libGPUImage.a */,
				68DA7AEF197CF37F00B319AE /* GPUImage.framework */,
			);
			name = Products;
			sourceTree = "<group>";
		};
		68E8CD23198EA4E200E275BD /* AFNetworking */ = {
			isa = PBXGroup;
			children = (
				68E8CD24198EA4E200E275BD /* AFHTTPRequestOperation.h */,
				68E8CD25198EA4E200E275BD /* AFHTTPRequestOperation.m */,
				68E8CD26198EA4E200E275BD /* AFHTTPRequestOperationManager.h */,
				68E8CD27198EA4E200E275BD /* AFHTTPRequestOperationManager.m */,
				68E8CD28198EA4E200E275BD /* AFHTTPSessionManager.h */,
				68E8CD29198EA4E200E275BD /* AFHTTPSessionManager.m */,
				68E8CD2A198EA4E200E275BD /* AFNetworking.h */,
				68E8CD2B198EA4E200E275BD /* AFNetworkReachabilityManager.h */,
				68E8CD2C198EA4E200E275BD /* AFNetworkReachabilityManager.m */,
				68E8CD2D198EA4E200E275BD /* AFSecurityPolicy.h */,
				68E8CD2E198EA4E200E275BD /* AFSecurityPolicy.m */,
				68E8CD2F198EA4E200E275BD /* AFURLConnectionOperation.h */,
				68E8CD30198EA4E200E275BD /* AFURLConnectionOperation.m */,
				68E8CD31198EA4E200E275BD /* AFURLRequestSerialization.h */,
				68E8CD32198EA4E200E275BD /* AFURLRequestSerialization.m */,
				68E8CD33198EA4E200E275BD /* AFURLResponseSerialization.h */,
				68E8CD34198EA4E200E275BD /* AFURLResponseSerialization.m */,
				68E8CD35198EA4E200E275BD /* AFURLSessionManager.h */,
				68E8CD36198EA4E200E275BD /* AFURLSessionManager.m */,
			);
			path = AFNetworking;
			sourceTree = "<group>";
		};
		68E8CD37198EA4E200E275BD /* UIKit+AFNetworking */ = {
			isa = PBXGroup;
			children = (
				68E8CD38198EA4E200E275BD /* AFNetworkActivityIndicatorManager.h */,
				68E8CD39198EA4E200E275BD /* AFNetworkActivityIndicatorManager.m */,
				68E8CD3A198EA4E200E275BD /* UIActivityIndicatorView+AFNetworking.h */,
				68E8CD3B198EA4E200E275BD /* UIActivityIndicatorView+AFNetworking.m */,
				68E8CD3C198EA4E200E275BD /* UIAlertView+AFNetworking.h */,
				68E8CD3D198EA4E200E275BD /* UIAlertView+AFNetworking.m */,
				68E8CD3E198EA4E200E275BD /* UIButton+AFNetworking.h */,
				68E8CD3F198EA4E200E275BD /* UIButton+AFNetworking.m */,
				68E8CD40198EA4E200E275BD /* UIImageView+AFNetworking.h */,
				68E8CD41198EA4E200E275BD /* UIImageView+AFNetworking.m */,
				68E8CD42198EA4E200E275BD /* UIKit+AFNetworking.h */,
				68E8CD43198EA4E200E275BD /* UIProgressView+AFNetworking.h */,
				68E8CD44198EA4E200E275BD /* UIProgressView+AFNetworking.m */,
				68E8CD45198EA4E200E275BD /* UIRefreshControl+AFNetworking.h */,
				68E8CD46198EA4E200E275BD /* UIRefreshControl+AFNetworking.m */,
				68E8CD47198EA4E200E275BD /* UIWebView+AFNetworking.h */,
				68E8CD48198EA4E200E275BD /* UIWebView+AFNetworking.m */,
			);
			path = "UIKit+AFNetworking";
			sourceTree = "<group>";
		};
/* End PBXGroup section */

/* Begin PBXNativeTarget section */
		68009490197734230077F01B /* Cartier */ = {
			isa = PBXNativeTarget;
			buildConfigurationList = 680094A8197734230077F01B /* Build configuration list for PBXNativeTarget "Cartier" */;
			buildPhases = (
				6800948D197734230077F01B /* Sources */,
				6800948E197734230077F01B /* Frameworks */,
				6800948F197734230077F01B /* Resources */,
				68DA7AF3197CF99400B319AE /* CopyFiles */,
			);
			buildRules = (
			);
			dependencies = (
				68DA7AF1197CF3AA00B319AE /* PBXTargetDependency */,
			);
			name = Cartier;
			productName = Cartier;
			productReference = 68009491197734230077F01B /* Cartier.app */;
			productType = "com.apple.product-type.application";
		};
/* End PBXNativeTarget section */

/* Begin PBXProject section */
		68009489197734230077F01B /* Project object */ = {
			isa = PBXProject;
			attributes = {
				LastUpgradeCheck = 0600;
				ORGANIZATIONNAME = "Milton and Parc";
				TargetAttributes = {
					68009490197734230077F01B = {
						CreatedOnToolsVersion = 6.0;
					};
				};
			};
			buildConfigurationList = 6800948C197734230077F01B /* Build configuration list for PBXProject "Cartier" */;
			compatibilityVersion = "Xcode 3.2";
			developmentRegion = English;
			hasScannedForEncodings = 0;
			knownRegions = (
				en,
			);
			mainGroup = 68009488197734230077F01B;
			productRefGroup = 68009492197734230077F01B /* Products */;
			projectDirPath = "";
			projectReferences = (
				{
					ProductGroup = 68DA7AE7197CF37F00B319AE /* Products */;
					ProjectRef = 68DA7ADD197CF36300B319AE /* GPUImage.xcodeproj */;
				},
			);
			projectRoot = "";
			targets = (
				68009490197734230077F01B /* Cartier */,
			);
		};
/* End PBXProject section */

/* Begin PBXReferenceProxy section */
		68DA7AED197CF37F00B319AE /* libGPUImage.a */ = {
			isa = PBXReferenceProxy;
			fileType = archive.ar;
			path = libGPUImage.a;
			remoteRef = 68DA7AEC197CF37F00B319AE /* PBXContainerItemProxy */;
			sourceTree = BUILT_PRODUCTS_DIR;
		};
		68DA7AEF197CF37F00B319AE /* GPUImage.framework */ = {
			isa = PBXReferenceProxy;
			fileType = wrapper.framework;
			path = GPUImage.framework;
			remoteRef = 68DA7AEE197CF37F00B319AE /* PBXContainerItemProxy */;
			sourceTree = BUILT_PRODUCTS_DIR;
		};
/* End PBXReferenceProxy section */

/* Begin PBXResourcesBuildPhase section */
		6800948F197734230077F01B /* Resources */ = {
			isa = PBXResourcesBuildPhase;
			buildActionMask = 2147483647;
			files = (
				68009499197734230077F01B /* Images.xcassets in Resources */,
			);
			runOnlyForDeploymentPostprocessing = 0;
		};
/* End PBXResourcesBuildPhase section */

/* Begin PBXSourcesBuildPhase section */
		6800948D197734230077F01B /* Sources */ = {
			isa = PBXSourcesBuildPhase;
			buildActionMask = 2147483647;
			files = (
				68E8CD49198EA4E200E275BD /* AFHTTPRequestOperation.m in Sources */,
				68E8CD56198EA4E200E275BD /* UIImageView+AFNetworking.m in Sources */,
				680E0B95198F5B0E00C77EAC /* NetworkingManager.swift in Sources */,
				68E8CD20198DA92600E275BD /* DetailViewController.swift in Sources */,
				68E8CD4A198EA4E200E275BD /* AFHTTPRequestOperationManager.m in Sources */,
				68E8CD57198EA4E200E275BD /* UIProgressView+AFNetworking.m in Sources */,
				68E8CD4C198EA4E200E275BD /* AFNetworkReachabilityManager.m in Sources */,
				68E8CD50198EA4E200E275BD /* AFURLResponseSerialization.m in Sources */,
				68E8CD4E198EA4E200E275BD /* AFURLConnectionOperation.m in Sources */,
				68E8CD55198EA4E200E275BD /* UIButton+AFNetworking.m in Sources */,
				68E8CD53198EA4E200E275BD /* UIActivityIndicatorView+AFNetworking.m in Sources */,
				68E8CD4D198EA4E200E275BD /* AFSecurityPolicy.m in Sources */,
				68E8CD58198EA4E200E275BD /* UIRefreshControl+AFNetworking.m in Sources */,
				68E8CD59198EA4E200E275BD /* UIWebView+AFNetworking.m in Sources */,
				68E8CD4B198EA4E200E275BD /* AFHTTPSessionManager.m in Sources */,
				68E8CD54198EA4E200E275BD /* UIAlertView+AFNetworking.m in Sources */,
				68E8CD4F198EA4E200E275BD /* AFURLRequestSerialization.m in Sources */,
				68E8CD52198EA4E200E275BD /* AFNetworkActivityIndicatorManager.m in Sources */,
				68E8CD51198EA4E200E275BD /* AFURLSessionManager.m in Sources */,
				68009497197734230077F01B /* AppDelegate.swift in Sources */,
				68691CBA19774D5B00C66C4E /* MainViewController.swift in Sources */,
			);
			runOnlyForDeploymentPostprocessing = 0;
		};
/* End PBXSourcesBuildPhase section */

/* Begin PBXTargetDependency section */
		68DA7AF1197CF3AA00B319AE /* PBXTargetDependency */ = {
			isa = PBXTargetDependency;
			name = GPUImageFramework;
			targetProxy = 68DA7AF0197CF3AA00B319AE /* PBXContainerItemProxy */;
		};
/* End PBXTargetDependency section */

/* Begin XCBuildConfiguration section */
		680094A6197734230077F01B /* Debug */ = {
			isa = XCBuildConfiguration;
			buildSettings = {
				ALWAYS_SEARCH_USER_PATHS = NO;
				CLANG_CXX_LANGUAGE_STANDARD = "gnu++0x";
				CLANG_CXX_LIBRARY = "libc++";
				CLANG_ENABLE_MODULES = YES;
				CLANG_ENABLE_OBJC_ARC = YES;
				CLANG_WARN_BOOL_CONVERSION = YES;
				CLANG_WARN_CONSTANT_CONVERSION = YES;
				CLANG_WARN_DIRECT_OBJC_ISA_USAGE = YES_ERROR;
				CLANG_WARN_EMPTY_BODY = YES;
				CLANG_WARN_ENUM_CONVERSION = YES;
				CLANG_WARN_INT_CONVERSION = YES;
				CLANG_WARN_OBJC_ROOT_CLASS = YES_ERROR;
				CLANG_WARN_UNREACHABLE_CODE = YES;
				CLANG_WARN__DUPLICATE_METHOD_MATCH = YES;
				"CODE_SIGN_IDENTITY[sdk=iphoneos*]" = "iPhone Developer";
				COPY_PHASE_STRIP = NO;
				ENABLE_STRICT_OBJC_MSGSEND = YES;
				GCC_C_LANGUAGE_STANDARD = gnu99;
				GCC_DYNAMIC_NO_PIC = NO;
				GCC_OPTIMIZATION_LEVEL = 0;
				GCC_PREPROCESSOR_DEFINITIONS = (
					"DEBUG=1",
					"$(inherited)",
				);
				GCC_SYMBOLS_PRIVATE_EXTERN = NO;
				GCC_WARN_64_TO_32_BIT_CONVERSION = YES;
				GCC_WARN_ABOUT_RETURN_TYPE = YES_ERROR;
				GCC_WARN_UNDECLARED_SELECTOR = YES;
				GCC_WARN_UNINITIALIZED_AUTOS = YES_AGGRESSIVE;
				GCC_WARN_UNUSED_FUNCTION = YES;
				GCC_WARN_UNUSED_VARIABLE = YES;
				IPHONEOS_DEPLOYMENT_TARGET = 8.0;
				METAL_ENABLE_DEBUG_INFO = YES;
				ONLY_ACTIVE_ARCH = YES;
				SDKROOT = iphoneos;
				SWIFT_OPTIMIZATION_LEVEL = "-Onone";
			};
			name = Debug;
		};
		680094A7197734230077F01B /* Release */ = {
			isa = XCBuildConfiguration;
			buildSettings = {
				ALWAYS_SEARCH_USER_PATHS = NO;
				CLANG_CXX_LANGUAGE_STANDARD = "gnu++0x";
				CLANG_CXX_LIBRARY = "libc++";
				CLANG_ENABLE_MODULES = YES;
				CLANG_ENABLE_OBJC_ARC = YES;
				CLANG_WARN_BOOL_CONVERSION = YES;
				CLANG_WARN_CONSTANT_CONVERSION = YES;
				CLANG_WARN_DIRECT_OBJC_ISA_USAGE = YES_ERROR;
				CLANG_WARN_EMPTY_BODY = YES;
				CLANG_WARN_ENUM_CONVERSION = YES;
				CLANG_WARN_INT_CONVERSION = YES;
				CLANG_WARN_OBJC_ROOT_CLASS = YES_ERROR;
				CLANG_WARN_UNREACHABLE_CODE = YES;
				CLANG_WARN__DUPLICATE_METHOD_MATCH = YES;
				"CODE_SIGN_IDENTITY[sdk=iphoneos*]" = "iPhone Developer";
				COPY_PHASE_STRIP = YES;
				ENABLE_NS_ASSERTIONS = NO;
				ENABLE_STRICT_OBJC_MSGSEND = YES;
				GCC_C_LANGUAGE_STANDARD = gnu99;
				GCC_WARN_64_TO_32_BIT_CONVERSION = YES;
				GCC_WARN_ABOUT_RETURN_TYPE = YES_ERROR;
				GCC_WARN_UNDECLARED_SELECTOR = YES;
				GCC_WARN_UNINITIALIZED_AUTOS = YES_AGGRESSIVE;
				GCC_WARN_UNUSED_FUNCTION = YES;
				GCC_WARN_UNUSED_VARIABLE = YES;
				IPHONEOS_DEPLOYMENT_TARGET = 8.0;
				METAL_ENABLE_DEBUG_INFO = NO;
				SDKROOT = iphoneos;
				VALIDATE_PRODUCT = YES;
			};
			name = Release;
		};
		680094A9197734230077F01B /* Debug */ = {
			isa = XCBuildConfiguration;
			buildSettings = {
				ASSETCATALOG_COMPILER_APPICON_NAME = AppIcon;
				ASSETCATALOG_COMPILER_LAUNCHIMAGE_NAME = LaunchImage;
				INFOPLIST_FILE = Cartier/Info.plist;
				IPHONEOS_DEPLOYMENT_TARGET = 7.0;
				LD_RUNPATH_SEARCH_PATHS = "$(inherited) @executable_path/Frameworks";
				PRODUCT_NAME = "$(TARGET_NAME)";
				SWIFT_OBJC_BRIDGING_HEADER = "Cartier/Cartier-Bridging-Header.h";
			};
			name = Debug;
		};
		680094AA197734230077F01B /* Release */ = {
			isa = XCBuildConfiguration;
			buildSettings = {
				ASSETCATALOG_COMPILER_APPICON_NAME = AppIcon;
				ASSETCATALOG_COMPILER_LAUNCHIMAGE_NAME = LaunchImage;
				INFOPLIST_FILE = Cartier/Info.plist;
				IPHONEOS_DEPLOYMENT_TARGET = 7.0;
				LD_RUNPATH_SEARCH_PATHS = "$(inherited) @executable_path/Frameworks";
				PRODUCT_NAME = "$(TARGET_NAME)";
				SWIFT_OBJC_BRIDGING_HEADER = "Cartier/Cartier-Bridging-Header.h";
			};
			name = Release;
		};
/* End XCBuildConfiguration section */

/* Begin XCConfigurationList section */
		6800948C197734230077F01B /* Build configuration list for PBXProject "Cartier" */ = {
			isa = XCConfigurationList;
			buildConfigurations = (
				680094A6197734230077F01B /* Debug */,
				680094A7197734230077F01B /* Release */,
			);
			defaultConfigurationIsVisible = 0;
			defaultConfigurationName = Release;
		};
		680094A8197734230077F01B /* Build configuration list for PBXNativeTarget "Cartier" */ = {
			isa = XCConfigurationList;
			buildConfigurations = (
				680094A9197734230077F01B /* Debug */,
				680094AA197734230077F01B /* Release */,
			);
			defaultConfigurationIsVisible = 0;
			defaultConfigurationName = Release;
		};
/* End XCConfigurationList section */
	};
	rootObject = 68009489197734230077F01B /* Project object */;
}
