// !$*UTF8*$!
{
	archiveVersion = 1;
	classes = {
	};
	objectVersion = 46;
	objects = {

/* Begin PBXBuildFile section */
		68009497197734230077F01B /* AppDelegate.swift in Sources */ = {isa = PBXBuildFile; fileRef = 68009496197734230077F01B /* AppDelegate.swift */; };
		68009499197734230077F01B /* Images.xcassets in Resources */ = {isa = PBXBuildFile; fileRef = 68009498197734230077F01B /* Images.xcassets */; };
		68691CBA19774D5B00C66C4E /* MainViewController.swift in Sources */ = {isa = PBXBuildFile; fileRef = 68691CB919774D5B00C66C4E /* MainViewController.swift */; };
/* End PBXBuildFile section */

/* Begin PBXContainerItemProxy section */
		6800949F197734230077F01B /* PBXContainerItemProxy */ = {
			isa = PBXContainerItemProxy;
			containerPortal = 68009489197734230077F01B /* Project object */;
			proxyType = 1;
			remoteGlobalIDString = 68009490197734230077F01B;
			remoteInfo = Cartier;
		};
		68C26235197753B30046C0CC /* PBXContainerItemProxy */ = {
			isa = PBXContainerItemProxy;
			containerPortal = 68009489197734230077F01B /* Project object */;
			proxyType = 1;
			remoteGlobalIDString = 68009490197734230077F01B;
			remoteInfo = Cartier;
		};
/* End PBXContainerItemProxy section */

/* Begin PBXFileReference section */
		68009491197734230077F01B /* Cartier.app */ = {isa = PBXFileReference; explicitFileType = wrapper.application; includeInIndex = 0; path = Cartier.app; sourceTree = BUILT_PRODUCTS_DIR; };
		68009495197734230077F01B /* Info.plist */ = {isa = PBXFileReference; lastKnownFileType = text.plist.xml; path = Info.plist; sourceTree = "<group>"; };
		68009496197734230077F01B /* AppDelegate.swift */ = {isa = PBXFileReference; lastKnownFileType = sourcecode.swift; path = AppDelegate.swift; sourceTree = "<group>"; };
		68009498197734230077F01B /* Images.xcassets */ = {isa = PBXFileReference; lastKnownFileType = folder.assetcatalog; path = Images.xcassets; sourceTree = "<group>"; };
		6800949E197734230077F01B /* CartierTests.xctest */ = {isa = PBXFileReference; explicitFileType = wrapper.cfbundle; includeInIndex = 0; path = CartierTests.xctest; sourceTree = BUILT_PRODUCTS_DIR; };
		68691CB919774D5B00C66C4E /* MainViewController.swift */ = {isa = PBXFileReference; fileEncoding = 4; lastKnownFileType = sourcecode.swift; path = MainViewController.swift; sourceTree = "<group>"; };
/* End PBXFileReference section */

/* Begin PBXFrameworksBuildPhase section */
		6800948E197734230077F01B /* Frameworks */ = {
			isa = PBXFrameworksBuildPhase;
			buildActionMask = 2147483647;
			files = (
			);
			runOnlyForDeploymentPostprocessing = 0;
		};
		6800949B197734230077F01B /* Frameworks */ = {
			isa = PBXFrameworksBuildPhase;
			buildActionMask = 2147483647;
			files = (
			);
			runOnlyForDeploymentPostprocessing = 0;
		};
/* End PBXFrameworksBuildPhase section */

/* Begin PBXGroup section */
		68009488197734230077F01B = {
			isa = PBXGroup;
			children = (
				68009493197734230077F01B /* Cartier */,
				68009492197734230077F01B /* Products */,
			);
			sourceTree = "<group>";
		};
		68009492197734230077F01B /* Products */ = {
			isa = PBXGroup;
			children = (
				68009491197734230077F01B /* Cartier.app */,
				6800949E197734230077F01B /* CartierTests.xctest */,
			);
			name = Products;
			sourceTree = "<group>";
		};
		68009493197734230077F01B /* Cartier */ = {
			isa = PBXGroup;
			children = (
				68009496197734230077F01B /* AppDelegate.swift */,
				68009498197734230077F01B /* Images.xcassets */,
				68009494197734230077F01B /* Supporting Files */,
				68691CB919774D5B00C66C4E /* MainViewController.swift */,
			);
			path = Cartier;
			sourceTree = "<group>";
		};
		68009494197734230077F01B /* Supporting Files */ = {
			isa = PBXGroup;
			children = (
				68009495197734230077F01B /* Info.plist */,
			);
			name = "Supporting Files";
			sourceTree = "<group>";
		};
/* End PBXGroup section */

/* Begin PBXNativeTarget section */
		68009490197734230077F01B /* Cartier */ = {
			isa = PBXNativeTarget;
			buildConfigurationList = 680094A8197734230077F01B /* Build configuration list for PBXNativeTarget "Cartier" */;
			buildPhases = (
				6800948D197734230077F01B /* Sources */,
				6800948E197734230077F01B /* Frameworks */,
				6800948F197734230077F01B /* Resources */,
			);
			buildRules = (
			);
			dependencies = (
			);
			name = Cartier;
			productName = Cartier;
			productReference = 68009491197734230077F01B /* Cartier.app */;
			productType = "com.apple.product-type.application";
		};
		6800949D197734230077F01B /* CartierTests */ = {
			isa = PBXNativeTarget;
			buildConfigurationList = 680094AB197734230077F01B /* Build configuration list for PBXNativeTarget "CartierTests" */;
			buildPhases = (
				6800949A197734230077F01B /* Sources */,
				6800949B197734230077F01B /* Frameworks */,
				6800949C197734230077F01B /* Resources */,
			);
			buildRules = (
			);
			dependencies = (
				680094A0197734230077F01B /* PBXTargetDependency */,
				68C26236197753B30046C0CC /* PBXTargetDependency */,
			);
			name = CartierTests;
			productName = CartierTests;
			productReference = 6800949E197734230077F01B /* CartierTests.xctest */;
			productType = "com.apple.product-type.bundle.unit-test";
		};
/* End PBXNativeTarget section */

/* Begin PBXProject section */
		68009489197734230077F01B /* Project object */ = {
			isa = PBXProject;
			attributes = {
				LastUpgradeCheck = 0600;
				ORGANIZATIONNAME = "Milton and Parc";
				TargetAttributes = {
					68009490197734230077F01B = {
						CreatedOnToolsVersion = 6.0;
					};
					6800949D197734230077F01B = {
						CreatedOnToolsVersion = 6.0;
						TestTargetID = 68009490197734230077F01B;
					};
				};
			};
			buildConfigurationList = 6800948C197734230077F01B /* Build configuration list for PBXProject "Cartier" */;
			compatibilityVersion = "Xcode 3.2";
			developmentRegion = English;
			hasScannedForEncodings = 0;
			knownRegions = (
				en,
			);
			mainGroup = 68009488197734230077F01B;
			productRefGroup = 68009492197734230077F01B /* Products */;
			projectDirPath = "";
			projectRoot = "";
			targets = (
				68009490197734230077F01B /* Cartier */,
				6800949D197734230077F01B /* CartierTests */,
			);
		};
/* End PBXProject section */

/* Begin PBXResourcesBuildPhase section */
		6800948F197734230077F01B /* Resources */ = {
			isa = PBXResourcesBuildPhase;
			buildActionMask = 2147483647;
			files = (
				68009499197734230077F01B /* Images.xcassets in Resources */,
			);
			runOnlyForDeploymentPostprocessing = 0;
		};
		6800949C197734230077F01B /* Resources */ = {
			isa = PBXResourcesBuildPhase;
			buildActionMask = 2147483647;
			files = (
			);
			runOnlyForDeploymentPostprocessing = 0;
		};
/* End PBXResourcesBuildPhase section */

/* Begin PBXSourcesBuildPhase section */
		6800948D197734230077F01B /* Sources */ = {
			isa = PBXSourcesBuildPhase;
			buildActionMask = 2147483647;
			files = (
				68009497197734230077F01B /* AppDelegate.swift in Sources */,
				68691CBA19774D5B00C66C4E /* MainViewController.swift in Sources */,
			);
			runOnlyForDeploymentPostprocessing = 0;
		};
		6800949A197734230077F01B /* Sources */ = {
			isa = PBXSourcesBuildPhase;
			buildActionMask = 2147483647;
			files = (
			);
			runOnlyForDeploymentPostprocessing = 0;
		};
/* End PBXSourcesBuildPhase section */

/* Begin PBXTargetDependency section */
		680094A0197734230077F01B /* PBXTargetDependency */ = {
			isa = PBXTargetDependency;
			target = 68009490197734230077F01B /* Cartier */;
			targetProxy = 6800949F197734230077F01B /* PBXContainerItemProxy */;
		};
		68C26236197753B30046C0CC /* PBXTargetDependency */ = {
			isa = PBXTargetDependency;
			target = 68009490197734230077F01B /* Cartier */;
			targetProxy = 68C26235197753B30046C0CC /* PBXContainerItemProxy */;
		};
/* End PBXTargetDependency section */

/* Begin XCBuildConfiguration section */
		680094A6197734230077F01B /* Debug */ = {
			isa = XCBuildConfiguration;
			buildSettings = {
				ALWAYS_SEARCH_USER_PATHS = NO;
				CLANG_CXX_LANGUAGE_STANDARD = "gnu++0x";
				CLANG_CXX_LIBRARY = "libc++";
				CLANG_ENABLE_MODULES = YES;
				CLANG_ENABLE_OBJC_ARC = YES;
				CLANG_WARN_BOOL_CONVERSION = YES;
				CLANG_WARN_CONSTANT_CONVERSION = YES;
				CLANG_WARN_DIRECT_OBJC_ISA_USAGE = YES_ERROR;
				CLANG_WARN_EMPTY_BODY = YES;
				CLANG_WARN_ENUM_CONVERSION = YES;
				CLANG_WARN_INT_CONVERSION = YES;
				CLANG_WARN_OBJC_ROOT_CLASS = YES_ERROR;
				CLANG_WARN_UNREACHABLE_CODE = YES;
				CLANG_WARN__DUPLICATE_METHOD_MATCH = YES;
				"CODE_SIGN_IDENTITY[sdk=iphoneos*]" = "iPhone Developer";
				COPY_PHASE_STRIP = NO;
				ENABLE_STRICT_OBJC_MSGSEND = YES;
				GCC_C_LANGUAGE_STANDARD = gnu99;
				GCC_DYNAMIC_NO_PIC = NO;
				GCC_OPTIMIZATION_LEVEL = 0;
				GCC_PREPROCESSOR_DEFINITIONS = (
					"DEBUG=1",
					"$(inherited)",
				);
				GCC_SYMBOLS_PRIVATE_EXTERN = NO;
				GCC_WARN_64_TO_32_BIT_CONVERSION = YES;
				GCC_WARN_ABOUT_RETURN_TYPE = YES_ERROR;
				GCC_WARN_UNDECLARED_SELECTOR = YES;
				GCC_WARN_UNINITIALIZED_AUTOS = YES_AGGRESSIVE;
				GCC_WARN_UNUSED_FUNCTION = YES;
				GCC_WARN_UNUSED_VARIABLE = YES;
				IPHONEOS_DEPLOYMENT_TARGET = 8.0;
				METAL_ENABLE_DEBUG_INFO = YES;
				ONLY_ACTIVE_ARCH = YES;
				SDKROOT = iphoneos;
				SWIFT_OPTIMIZATION_LEVEL = "-Onone";
			};
			name = Debug;
		};
		680094A7197734230077F01B /* Release */ = {
			isa = XCBuildConfiguration;
			buildSettings = {
				ALWAYS_SEARCH_USER_PATHS = NO;
				CLANG_CXX_LANGUAGE_STANDARD = "gnu++0x";
				CLANG_CXX_LIBRARY = "libc++";
				CLANG_ENABLE_MODULES = YES;
				CLANG_ENABLE_OBJC_ARC = YES;
				CLANG_WARN_BOOL_CONVERSION = YES;
				CLANG_WARN_CONSTANT_CONVERSION = YES;
				CLANG_WARN_DIRECT_OBJC_ISA_USAGE = YES_ERROR;
				CLANG_WARN_EMPTY_BODY = YES;
				CLANG_WARN_ENUM_CONVERSION = YES;
				CLANG_WARN_INT_CONVERSION = YES;
				CLANG_WARN_OBJC_ROOT_CLASS = YES_ERROR;
				CLANG_WARN_UNREACHABLE_CODE = YES;
				CLANG_WARN__DUPLICATE_METHOD_MATCH = YES;
				"CODE_SIGN_IDENTITY[sdk=iphoneos*]" = "iPhone Developer";
				COPY_PHASE_STRIP = YES;
				ENABLE_NS_ASSERTIONS = NO;
				ENABLE_STRICT_OBJC_MSGSEND = YES;
				GCC_C_LANGUAGE_STANDARD = gnu99;
				GCC_WARN_64_TO_32_BIT_CONVERSION = YES;
				GCC_WARN_ABOUT_RETURN_TYPE = YES_ERROR;
				GCC_WARN_UNDECLARED_SELECTOR = YES;
				GCC_WARN_UNINITIALIZED_AUTOS = YES_AGGRESSIVE;
				GCC_WARN_UNUSED_FUNCTION = YES;
				GCC_WARN_UNUSED_VARIABLE = YES;
				IPHONEOS_DEPLOYMENT_TARGET = 8.0;
				METAL_ENABLE_DEBUG_INFO = NO;
				SDKROOT = iphoneos;
				VALIDATE_PRODUCT = YES;
			};
			name = Release;
		};
		680094A9197734230077F01B /* Debug */ = {
			isa = XCBuildConfiguration;
			buildSettings = {
				ASSETCATALOG_COMPILER_APPICON_NAME = AppIcon;
				ASSETCATALOG_COMPILER_LAUNCHIMAGE_NAME = LaunchImage;
				INFOPLIST_FILE = Cartier/Info.plist;
				IPHONEOS_DEPLOYMENT_TARGET = 7.0;
				LD_RUNPATH_SEARCH_PATHS = "$(inherited) @executable_path/Frameworks";
				PRODUCT_NAME = "$(TARGET_NAME)";
			};
			name = Debug;
		};
		680094AA197734230077F01B /* Release */ = {
			isa = XCBuildConfiguration;
			buildSettings = {
				ASSETCATALOG_COMPILER_APPICON_NAME = AppIcon;
				ASSETCATALOG_COMPILER_LAUNCHIMAGE_NAME = LaunchImage;
				INFOPLIST_FILE = Cartier/Info.plist;
				IPHONEOS_DEPLOYMENT_TARGET = 7.0;
				LD_RUNPATH_SEARCH_PATHS = "$(inherited) @executable_path/Frameworks";
				PRODUCT_NAME = "$(TARGET_NAME)";
			};
			name = Release;
		};
		680094AC197734230077F01B /* Debug */ = {
			isa = XCBuildConfiguration;
			buildSettings = {
				BUNDLE_LOADER = "$(BUILT_PRODUCTS_DIR)/Cartier.app/Cartier";
				FRAMEWORK_SEARCH_PATHS = (
					"$(SDKROOT)/Developer/Library/Frameworks",
					"$(inherited)",
				);
				GCC_PREPROCESSOR_DEFINITIONS = (
					"DEBUG=1",
					"$(inherited)",
				);
				INFOPLIST_FILE = CartierTests/Info.plist;
				LD_RUNPATH_SEARCH_PATHS = "$(inherited) @executable_path/Frameworks @loader_path/Frameworks";
				METAL_ENABLE_DEBUG_INFO = YES;
				PRODUCT_NAME = "$(TARGET_NAME)";
				TEST_HOST = "$(BUNDLE_LOADER)";
			};
			name = Debug;
		};
		680094AD197734230077F01B /* Release */ = {
			isa = XCBuildConfiguration;
			buildSettings = {
				BUNDLE_LOADER = "$(BUILT_PRODUCTS_DIR)/Cartier.app/Cartier";
				FRAMEWORK_SEARCH_PATHS = (
					"$(SDKROOT)/Developer/Library/Frameworks",
					"$(inherited)",
				);
				INFOPLIST_FILE = CartierTests/Info.plist;
				LD_RUNPATH_SEARCH_PATHS = "$(inherited) @executable_path/Frameworks @loader_path/Frameworks";
				METAL_ENABLE_DEBUG_INFO = NO;
				PRODUCT_NAME = "$(TARGET_NAME)";
				TEST_HOST = "$(BUNDLE_LOADER)";
			};
			name = Release;
		};
/* End XCBuildConfiguration section */

/* Begin XCConfigurationList section */
		6800948C197734230077F01B /* Build configuration list for PBXProject "Cartier" */ = {
			isa = XCConfigurationList;
			buildConfigurations = (
				680094A6197734230077F01B /* Debug */,
				680094A7197734230077F01B /* Release */,
			);
			defaultConfigurationIsVisible = 0;
			defaultConfigurationName = Release;
		};
		680094A8197734230077F01B /* Build configuration list for PBXNativeTarget "Cartier" */ = {
			isa = XCConfigurationList;
			buildConfigurations = (
				680094A9197734230077F01B /* Debug */,
				680094AA197734230077F01B /* Release */,
			);
			defaultConfigurationIsVisible = 0;
			defaultConfigurationName = Release;
		};
		680094AB197734230077F01B /* Build configuration list for PBXNativeTarget "CartierTests" */ = {
			isa = XCConfigurationList;
			buildConfigurations = (
				680094AC197734230077F01B /* Debug */,
				680094AD197734230077F01B /* Release */,
			);
			defaultConfigurationIsVisible = 0;
			defaultConfigurationName = Release;
		};
/* End XCConfigurationList section */
	};
	rootObject = 68009489197734230077F01B /* Project object */;
}
